// !$*UTF8*$!
{
	archiveVersion = 1;
	classes = {
	};
	objectVersion = 56;
	objects = {

/* Begin PBXBuildFile section */
		2E9B923C2BA4C53B00E2922D /* fireBaseSwiftUIProjectApp.swift in Sources */ = {isa = PBXBuildFile; fileRef = 2E9B923B2BA4C53B00E2922D /* fireBaseSwiftUIProjectApp.swift */; };
		2E9B923E2BA4C53B00E2922D /* ContentView.swift in Sources */ = {isa = PBXBuildFile; fileRef = 2E9B923D2BA4C53B00E2922D /* ContentView.swift */; };
		2E9B92402BA4C53C00E2922D /* Assets.xcassets in Resources */ = {isa = PBXBuildFile; fileRef = 2E9B923F2BA4C53C00E2922D /* Assets.xcassets */; };
		2E9B92432BA4C53C00E2922D /* Preview Assets.xcassets in Resources */ = {isa = PBXBuildFile; fileRef = 2E9B92422BA4C53C00E2922D /* Preview Assets.xcassets */; };
		2E9B924B2BA4C9BB00E2922D /* FirebaseAnalytics in Frameworks */ = {isa = PBXBuildFile; productRef = 2E9B924A2BA4C9BB00E2922D /* FirebaseAnalytics */; };
		2E9B924D2BA4C9BB00E2922D /* FirebaseAnalyticsOnDeviceConversion in Frameworks */ = {isa = PBXBuildFile; productRef = 2E9B924C2BA4C9BB00E2922D /* FirebaseAnalyticsOnDeviceConversion */; };
		2E9B924F2BA4C9BB00E2922D /* FirebaseAnalyticsSwift in Frameworks */ = {isa = PBXBuildFile; productRef = 2E9B924E2BA4C9BB00E2922D /* FirebaseAnalyticsSwift */; };
		2E9B92512BA4C9BB00E2922D /* FirebaseAnalyticsWithoutAdIdSupport in Frameworks */ = {isa = PBXBuildFile; productRef = 2E9B92502BA4C9BB00E2922D /* FirebaseAnalyticsWithoutAdIdSupport */; };
		2E9B92532BA4C9BB00E2922D /* FirebaseAppCheck in Frameworks */ = {isa = PBXBuildFile; productRef = 2E9B92522BA4C9BB00E2922D /* FirebaseAppCheck */; };
		2E9EDE2D2BA60C5200CEBD9A /* FirebaseAnalytics in Frameworks */ = {isa = PBXBuildFile; productRef = 2E9EDE2C2BA60C5200CEBD9A /* FirebaseAnalytics */; };
		2E9EDE2F2BA60C5200CEBD9A /* FirebaseAnalyticsOnDeviceConversion in Frameworks */ = {isa = PBXBuildFile; productRef = 2E9EDE2E2BA60C5200CEBD9A /* FirebaseAnalyticsOnDeviceConversion */; };
		2E9EDE312BA60C5200CEBD9A /* FirebaseAnalyticsSwift in Frameworks */ = {isa = PBXBuildFile; productRef = 2E9EDE302BA60C5200CEBD9A /* FirebaseAnalyticsSwift */; };
		2E9EDE332BA60C5200CEBD9A /* FirebaseAnalyticsWithoutAdIdSupport in Frameworks */ = {isa = PBXBuildFile; productRef = 2E9EDE322BA60C5200CEBD9A /* FirebaseAnalyticsWithoutAdIdSupport */; };
		2E9EDE352BA60C5200CEBD9A /* FirebaseAppCheck in Frameworks */ = {isa = PBXBuildFile; productRef = 2E9EDE342BA60C5200CEBD9A /* FirebaseAppCheck */; };
		2E9EDE372BA60E6400CEBD9A /* GoogleService-Info.plist in Resources */ = {isa = PBXBuildFile; fileRef = 2E9EDE362BA60E6400CEBD9A /* GoogleService-Info.plist */; };
/* End PBXBuildFile section */

/* Begin PBXFileReference section */
		2E9B92382BA4C53B00E2922D /* fireBaseSwiftUIProject.app */ = {isa = PBXFileReference; explicitFileType = wrapper.application; includeInIndex = 0; path = fireBaseSwiftUIProject.app; sourceTree = BUILT_PRODUCTS_DIR; };
		2E9B923B2BA4C53B00E2922D /* fireBaseSwiftUIProjectApp.swift */ = {isa = PBXFileReference; lastKnownFileType = sourcecode.swift; path = fireBaseSwiftUIProjectApp.swift; sourceTree = "<group>"; };
		2E9B923D2BA4C53B00E2922D /* ContentView.swift */ = {isa = PBXFileReference; lastKnownFileType = sourcecode.swift; path = ContentView.swift; sourceTree = "<group>"; };
		2E9B923F2BA4C53C00E2922D /* Assets.xcassets */ = {isa = PBXFileReference; lastKnownFileType = folder.assetcatalog; path = Assets.xcassets; sourceTree = "<group>"; };
		2E9B92422BA4C53C00E2922D /* Preview Assets.xcassets */ = {isa = PBXFileReference; lastKnownFileType = folder.assetcatalog; path = "Preview Assets.xcassets"; sourceTree = "<group>"; };
		2E9EDE362BA60E6400CEBD9A /* GoogleService-Info.plist */ = {isa = PBXFileReference; fileEncoding = 4; lastKnownFileType = text.plist.xml; path = "GoogleService-Info.plist"; sourceTree = "<group>"; };
/* End PBXFileReference section */

/* Begin PBXFrameworksBuildPhase section */
		2E9B92352BA4C53B00E2922D /* Frameworks */ = {
			isa = PBXFrameworksBuildPhase;
			buildActionMask = 2147483647;
			files = (
				2E9B924F2BA4C9BB00E2922D /* FirebaseAnalyticsSwift in Frameworks */,
				2E9B924B2BA4C9BB00E2922D /* FirebaseAnalytics in Frameworks */,
				2E9EDE2D2BA60C5200CEBD9A /* FirebaseAnalytics in Frameworks */,
				2E9EDE2F2BA60C5200CEBD9A /* FirebaseAnalyticsOnDeviceConversion in Frameworks */,
				2E9EDE312BA60C5200CEBD9A /* FirebaseAnalyticsSwift in Frameworks */,
				2E9B924D2BA4C9BB00E2922D /* FirebaseAnalyticsOnDeviceConversion in Frameworks */,
				2E9B92532BA4C9BB00E2922D /* FirebaseAppCheck in Frameworks */,
				2E9EDE332BA60C5200CEBD9A /* FirebaseAnalyticsWithoutAdIdSupport in Frameworks */,
				2E9EDE352BA60C5200CEBD9A /* FirebaseAppCheck in Frameworks */,
				2E9B92512BA4C9BB00E2922D /* FirebaseAnalyticsWithoutAdIdSupport in Frameworks */,
			);
			runOnlyForDeploymentPostprocessing = 0;
		};
/* End PBXFrameworksBuildPhase section */

/* Begin PBXGroup section */
		2E9B922F2BA4C53B00E2922D = {
			isa = PBXGroup;
			children = (
				2E9B923A2BA4C53B00E2922D /* fireBaseSwiftUIProject */,
				2E9B92392BA4C53B00E2922D /* Products */,
			);
			sourceTree = "<group>";
		};
		2E9B92392BA4C53B00E2922D /* Products */ = {
			isa = PBXGroup;
			children = (
				2E9B92382BA4C53B00E2922D /* fireBaseSwiftUIProject.app */,
			);
			name = Products;
			sourceTree = "<group>";
		};
		2E9B923A2BA4C53B00E2922D /* fireBaseSwiftUIProject */ = {
			isa = PBXGroup;
			children = (
				2E9B923B2BA4C53B00E2922D /* fireBaseSwiftUIProjectApp.swift */,
				2E9B923D2BA4C53B00E2922D /* ContentView.swift */,
				2E9B923F2BA4C53C00E2922D /* Assets.xcassets */,
				2E9EDE362BA60E6400CEBD9A /* GoogleService-Info.plist */,
				2E9B92412BA4C53C00E2922D /* Preview Content */,
			);
			path = fireBaseSwiftUIProject;
			sourceTree = "<group>";
		};
		2E9B92412BA4C53C00E2922D /* Preview Content */ = {
			isa = PBXGroup;
			children = (
				2E9B92422BA4C53C00E2922D /* Preview Assets.xcassets */,
			);
			path = "Preview Content";
			sourceTree = "<group>";
		};
/* End PBXGroup section */

/* Begin PBXNativeTarget section */
		2E9B92372BA4C53B00E2922D /* fireBaseSwiftUIProject */ = {
			isa = PBXNativeTarget;
			buildConfigurationList = 2E9B92462BA4C53C00E2922D /* Build configuration list for PBXNativeTarget "fireBaseSwiftUIProject" */;
			buildPhases = (
				2E9B92342BA4C53B00E2922D /* Sources */,
				2E9B92352BA4C53B00E2922D /* Frameworks */,
				2E9B92362BA4C53B00E2922D /* Resources */,
			);
			buildRules = (
			);
			dependencies = (
			);
			name = fireBaseSwiftUIProject;
			packageProductDependencies = (
				2E9B924A2BA4C9BB00E2922D /* FirebaseAnalytics */,
				2E9B924C2BA4C9BB00E2922D /* FirebaseAnalyticsOnDeviceConversion */,
				2E9B924E2BA4C9BB00E2922D /* FirebaseAnalyticsSwift */,
				2E9B92502BA4C9BB00E2922D /* FirebaseAnalyticsWithoutAdIdSupport */,
				2E9B92522BA4C9BB00E2922D /* FirebaseAppCheck */,
				2E9EDE2C2BA60C5200CEBD9A /* FirebaseAnalytics */,
				2E9EDE2E2BA60C5200CEBD9A /* FirebaseAnalyticsOnDeviceConversion */,
				2E9EDE302BA60C5200CEBD9A /* FirebaseAnalyticsSwift */,
				2E9EDE322BA60C5200CEBD9A /* FirebaseAnalyticsWithoutAdIdSupport */,
				2E9EDE342BA60C5200CEBD9A /* FirebaseAppCheck */,
			);
			productName = fireBaseSwiftUIProject;
			productReference = 2E9B92382BA4C53B00E2922D /* fireBaseSwiftUIProject.app */;
			productType = "com.apple.product-type.application";
		};
/* End PBXNativeTarget section */

/* Begin PBXProject section */
		2E9B92302BA4C53B00E2922D /* Project object */ = {
			isa = PBXProject;
			attributes = {
				BuildIndependentTargetsInParallel = 1;
				LastSwiftUpdateCheck = 1500;
				LastUpgradeCheck = 1500;
				TargetAttributes = {
					2E9B92372BA4C53B00E2922D = {
						CreatedOnToolsVersion = 15.0.1;
					};
				};
			};
			buildConfigurationList = 2E9B92332BA4C53B00E2922D /* Build configuration list for PBXProject "fireBaseSwiftUIProject" */;
			compatibilityVersion = "Xcode 14.0";
			developmentRegion = en;
			hasScannedForEncodings = 0;
			knownRegions = (
				en,
				Base,
			);
			mainGroup = 2E9B922F2BA4C53B00E2922D;
			packageReferences = (
				2E9B92492BA4C9BB00E2922D /* XCRemoteSwiftPackageReference "firebase-ios-sdk" */,
			);
			productRefGroup = 2E9B92392BA4C53B00E2922D /* Products */;
			projectDirPath = "";
			projectRoot = "";
			targets = (
				2E9B92372BA4C53B00E2922D /* fireBaseSwiftUIProject */,
			);
		};
/* End PBXProject section */

/* Begin PBXResourcesBuildPhase section */
		2E9B92362BA4C53B00E2922D /* Resources */ = {
			isa = PBXResourcesBuildPhase;
			buildActionMask = 2147483647;
			files = (
				2E9B92432BA4C53C00E2922D /* Preview Assets.xcassets in Resources */,
				2E9B92402BA4C53C00E2922D /* Assets.xcassets in Resources */,
				2E9EDE372BA60E6400CEBD9A /* GoogleService-Info.plist in Resources */,
			);
			runOnlyForDeploymentPostprocessing = 0;
		};
/* End PBXResourcesBuildPhase section */

/* Begin PBXSourcesBuildPhase section */
		2E9B92342BA4C53B00E2922D /* Sources */ = {
			isa = PBXSourcesBuildPhase;
			buildActionMask = 2147483647;
			files = (
				2E9B923E2BA4C53B00E2922D /* ContentView.swift in Sources */,
				2E9B923C2BA4C53B00E2922D /* fireBaseSwiftUIProjectApp.swift in Sources */,
			);
			runOnlyForDeploymentPostprocessing = 0;
		};
/* End PBXSourcesBuildPhase section */

/* Begin XCBuildConfiguration section */
		2E9B92442BA4C53C00E2922D /* Debug */ = {
			isa = XCBuildConfiguration;
			buildSettings = {
				ALWAYS_SEARCH_USER_PATHS = NO;
				ASSETCATALOG_COMPILER_GENERATE_SWIFT_ASSET_SYMBOL_EXTENSIONS = YES;
				CLANG_ANALYZER_NONNULL = YES;
				CLANG_ANALYZER_NUMBER_OBJECT_CONVERSION = YES_AGGRESSIVE;
				CLANG_CXX_LANGUAGE_STANDARD = "gnu++20";
				CLANG_ENABLE_MODULES = YES;
				CLANG_ENABLE_OBJC_ARC = YES;
				CLANG_ENABLE_OBJC_WEAK = YES;
				CLANG_WARN_BLOCK_CAPTURE_AUTORELEASING = YES;
				CLANG_WARN_BOOL_CONVERSION = YES;
				CLANG_WARN_COMMA = YES;
				CLANG_WARN_CONSTANT_CONVERSION = YES;
				CLANG_WARN_DEPRECATED_OBJC_IMPLEMENTATIONS = YES;
				CLANG_WARN_DIRECT_OBJC_ISA_USAGE = YES_ERROR;
				CLANG_WARN_DOCUMENTATION_COMMENTS = YES;
				CLANG_WARN_EMPTY_BODY = YES;
				CLANG_WARN_ENUM_CONVERSION = YES;
				CLANG_WARN_INFINITE_RECURSION = YES;
				CLANG_WARN_INT_CONVERSION = YES;
				CLANG_WARN_NON_LITERAL_NULL_CONVERSION = YES;
				CLANG_WARN_OBJC_IMPLICIT_RETAIN_SELF = YES;
				CLANG_WARN_OBJC_LITERAL_CONVERSION = YES;
				CLANG_WARN_OBJC_ROOT_CLASS = YES_ERROR;
				CLANG_WARN_QUOTED_INCLUDE_IN_FRAMEWORK_HEADER = YES;
				CLANG_WARN_RANGE_LOOP_ANALYSIS = YES;
				CLANG_WARN_STRICT_PROTOTYPES = YES;
				CLANG_WARN_SUSPICIOUS_MOVE = YES;
				CLANG_WARN_UNGUARDED_AVAILABILITY = YES_AGGRESSIVE;
				CLANG_WARN_UNREACHABLE_CODE = YES;
				CLANG_WARN__DUPLICATE_METHOD_MATCH = YES;
				COPY_PHASE_STRIP = NO;
				DEBUG_INFORMATION_FORMAT = dwarf;
				ENABLE_STRICT_OBJC_MSGSEND = YES;
				ENABLE_TESTABILITY = YES;
				ENABLE_USER_SCRIPT_SANDBOXING = YES;
				GCC_C_LANGUAGE_STANDARD = gnu17;
				GCC_DYNAMIC_NO_PIC = NO;
				GCC_NO_COMMON_BLOCKS = YES;
				GCC_OPTIMIZATION_LEVEL = 0;
				GCC_PREPROCESSOR_DEFINITIONS = (
					"DEBUG=1",
					"$(inherited)",
				);
				GCC_WARN_64_TO_32_BIT_CONVERSION = YES;
				GCC_WARN_ABOUT_RETURN_TYPE = YES_ERROR;
				GCC_WARN_UNDECLARED_SELECTOR = YES;
				GCC_WARN_UNINITIALIZED_AUTOS = YES_AGGRESSIVE;
				GCC_WARN_UNUSED_FUNCTION = YES;
				GCC_WARN_UNUSED_VARIABLE = YES;
				IPHONEOS_DEPLOYMENT_TARGET = 17.0;
				LOCALIZATION_PREFERS_STRING_CATALOGS = YES;
				MTL_ENABLE_DEBUG_INFO = INCLUDE_SOURCE;
				MTL_FAST_MATH = YES;
				ONLY_ACTIVE_ARCH = YES;
				SDKROOT = iphoneos;
				SWIFT_ACTIVE_COMPILATION_CONDITIONS = "DEBUG $(inherited)";
				SWIFT_OPTIMIZATION_LEVEL = "-Onone";
			};
			name = Debug;
		};
		2E9B92452BA4C53C00E2922D /* Release */ = {
			isa = XCBuildConfiguration;
			buildSettings = {
				ALWAYS_SEARCH_USER_PATHS = NO;
				ASSETCATALOG_COMPILER_GENERATE_SWIFT_ASSET_SYMBOL_EXTENSIONS = YES;
				CLANG_ANALYZER_NONNULL = YES;
				CLANG_ANALYZER_NUMBER_OBJECT_CONVERSION = YES_AGGRESSIVE;
				CLANG_CXX_LANGUAGE_STANDARD = "gnu++20";
				CLANG_ENABLE_MODULES = YES;
				CLANG_ENABLE_OBJC_ARC = YES;
				CLANG_ENABLE_OBJC_WEAK = YES;
				CLANG_WARN_BLOCK_CAPTURE_AUTORELEASING = YES;
				CLANG_WARN_BOOL_CONVERSION = YES;
				CLANG_WARN_COMMA = YES;
				CLANG_WARN_CONSTANT_CONVERSION = YES;
				CLANG_WARN_DEPRECATED_OBJC_IMPLEMENTATIONS = YES;
				CLANG_WARN_DIRECT_OBJC_ISA_USAGE = YES_ERROR;
				CLANG_WARN_DOCUMENTATION_COMMENTS = YES;
				CLANG_WARN_EMPTY_BODY = YES;
				CLANG_WARN_ENUM_CONVERSION = YES;
				CLANG_WARN_INFINITE_RECURSION = YES;
				CLANG_WARN_INT_CONVERSION = YES;
				CLANG_WARN_NON_LITERAL_NULL_CONVERSION = YES;
				CLANG_WARN_OBJC_IMPLICIT_RETAIN_SELF = YES;
				CLANG_WARN_OBJC_LITERAL_CONVERSION = YES;
				CLANG_WARN_OBJC_ROOT_CLASS = YES_ERROR;
				CLANG_WARN_QUOTED_INCLUDE_IN_FRAMEWORK_HEADER = YES;
				CLANG_WARN_RANGE_LOOP_ANALYSIS = YES;
				CLANG_WARN_STRICT_PROTOTYPES = YES;
				CLANG_WARN_SUSPICIOUS_MOVE = YES;
				CLANG_WARN_UNGUARDED_AVAILABILITY = YES_AGGRESSIVE;
				CLANG_WARN_UNREACHABLE_CODE = YES;
				CLANG_WARN__DUPLICATE_METHOD_MATCH = YES;
				COPY_PHASE_STRIP = NO;
				DEBUG_INFORMATION_FORMAT = "dwarf-with-dsym";
				ENABLE_NS_ASSERTIONS = NO;
				ENABLE_STRICT_OBJC_MSGSEND = YES;
				ENABLE_USER_SCRIPT_SANDBOXING = YES;
				GCC_C_LANGUAGE_STANDARD = gnu17;
				GCC_NO_COMMON_BLOCKS = YES;
				GCC_WARN_64_TO_32_BIT_CONVERSION = YES;
				GCC_WARN_ABOUT_RETURN_TYPE = YES_ERROR;
				GCC_WARN_UNDECLARED_SELECTOR = YES;
				GCC_WARN_UNINITIALIZED_AUTOS = YES_AGGRESSIVE;
				GCC_WARN_UNUSED_FUNCTION = YES;
				GCC_WARN_UNUSED_VARIABLE = YES;
				IPHONEOS_DEPLOYMENT_TARGET = 17.0;
				LOCALIZATION_PREFERS_STRING_CATALOGS = YES;
				MTL_ENABLE_DEBUG_INFO = NO;
				MTL_FAST_MATH = YES;
				SDKROOT = iphoneos;
				SWIFT_COMPILATION_MODE = wholemodule;
				VALIDATE_PRODUCT = YES;
			};
			name = Release;
		};
		2E9B92472BA4C53C00E2922D /* Debug */ = {
			isa = XCBuildConfiguration;
			buildSettings = {
				ASSETCATALOG_COMPILER_APPICON_NAME = AppIcon;
				ASSETCATALOG_COMPILER_GLOBAL_ACCENT_COLOR_NAME = AccentColor;
				CODE_SIGN_STYLE = Automatic;
				CURRENT_PROJECT_VERSION = 1;
				DEVELOPMENT_ASSET_PATHS = "\"fireBaseSwiftUIProject/Preview Content\"";
				DEVELOPMENT_TEAM = 26BAG468M4;
				ENABLE_PREVIEWS = YES;
				GENERATE_INFOPLIST_FILE = YES;
				INFOPLIST_KEY_UIApplicationSceneManifest_Generation = YES;
				INFOPLIST_KEY_UIApplicationSupportsIndirectInputEvents = YES;
				INFOPLIST_KEY_UILaunchScreen_Generation = YES;
				INFOPLIST_KEY_UISupportedInterfaceOrientations_iPad = "UIInterfaceOrientationPortrait UIInterfaceOrientationPortraitUpsideDown UIInterfaceOrientationLandscapeLeft UIInterfaceOrientationLandscapeRight";
				INFOPLIST_KEY_UISupportedInterfaceOrientations_iPhone = "UIInterfaceOrientationPortrait UIInterfaceOrientationLandscapeLeft UIInterfaceOrientationLandscapeRight";
				LD_RUNPATH_SEARCH_PATHS = (
					"$(inherited)",
					"@executable_path/Frameworks",
				);
				MARKETING_VERSION = 1.0;
				PRODUCT_BUNDLE_IDENTIFIER = com.fireBaseSwiftUIProject;
				PRODUCT_NAME = "$(TARGET_NAME)";
				SWIFT_EMIT_LOC_STRINGS = YES;
				SWIFT_VERSION = 5.0;
				TARGETED_DEVICE_FAMILY = "1,2";
			};
			name = Debug;
		};
		2E9B92482BA4C53C00E2922D /* Release */ = {
			isa = XCBuildConfiguration;
			buildSettings = {
				ASSETCATALOG_COMPILER_APPICON_NAME = AppIcon;
				ASSETCATALOG_COMPILER_GLOBAL_ACCENT_COLOR_NAME = AccentColor;
				CODE_SIGN_STYLE = Automatic;
				CURRENT_PROJECT_VERSION = 1;
				DEVELOPMENT_ASSET_PATHS = "\"fireBaseSwiftUIProject/Preview Content\"";
				DEVELOPMENT_TEAM = 26BAG468M4;
				ENABLE_PREVIEWS = YES;
				GENERATE_INFOPLIST_FILE = YES;
				INFOPLIST_KEY_UIApplicationSceneManifest_Generation = YES;
				INFOPLIST_KEY_UIApplicationSupportsIndirectInputEvents = YES;
				INFOPLIST_KEY_UILaunchScreen_Generation = YES;
				INFOPLIST_KEY_UISupportedInterfaceOrientations_iPad = "UIInterfaceOrientationPortrait UIInterfaceOrientationPortraitUpsideDown UIInterfaceOrientationLandscapeLeft UIInterfaceOrientationLandscapeRight";
				INFOPLIST_KEY_UISupportedInterfaceOrientations_iPhone = "UIInterfaceOrientationPortrait UIInterfaceOrientationLandscapeLeft UIInterfaceOrientationLandscapeRight";
				LD_RUNPATH_SEARCH_PATHS = (
					"$(inherited)",
					"@executable_path/Frameworks",
				);
				MARKETING_VERSION = 1.0;
				PRODUCT_BUNDLE_IDENTIFIER = com.fireBaseSwiftUIProject;
				PRODUCT_NAME = "$(TARGET_NAME)";
				SWIFT_EMIT_LOC_STRINGS = YES;
				SWIFT_VERSION = 5.0;
				TARGETED_DEVICE_FAMILY = "1,2";
			};
			name = Release;
		};
/* End XCBuildConfiguration section */

/* Begin XCConfigurationList section */
		2E9B92332BA4C53B00E2922D /* Build configuration list for PBXProject "fireBaseSwiftUIProject" */ = {
			isa = XCConfigurationList;
			buildConfigurations = (
				2E9B92442BA4C53C00E2922D /* Debug */,
				2E9B92452BA4C53C00E2922D /* Release */,
			);
			defaultConfigurationIsVisible = 0;
			defaultConfigurationName = Release;
		};
		2E9B92462BA4C53C00E2922D /* Build configuration list for PBXNativeTarget "fireBaseSwiftUIProject" */ = {
			isa = XCConfigurationList;
			buildConfigurations = (
				2E9B92472BA4C53C00E2922D /* Debug */,
				2E9B92482BA4C53C00E2922D /* Release */,
			);
			defaultConfigurationIsVisible = 0;
			defaultConfigurationName = Release;
		};
/* End XCConfigurationList section */

/* Begin XCRemoteSwiftPackageReference section */
		2E9B92492BA4C9BB00E2922D /* XCRemoteSwiftPackageReference "firebase-ios-sdk" */ = {
			isa = XCRemoteSwiftPackageReference;
			repositoryURL = "https://github.com/firebase/firebase-ios-sdk";
			requirement = {
				kind = upToNextMajorVersion;
				minimumVersion = 10.22.1;
			};
		};
/* End XCRemoteSwiftPackageReference section */

/* Begin XCSwiftPackageProductDependency section */
		2E9B924A2BA4C9BB00E2922D /* FirebaseAnalytics */ = {
			isa = XCSwiftPackageProductDependency;
			package = 2E9B92492BA4C9BB00E2922D /* XCRemoteSwiftPackageReference "firebase-ios-sdk" */;
			productName = FirebaseAnalytics;
		};
		2E9B924C2BA4C9BB00E2922D /* FirebaseAnalyticsOnDeviceConversion */ = {
			isa = XCSwiftPackageProductDependency;
			package = 2E9B92492BA4C9BB00E2922D /* XCRemoteSwiftPackageReference "firebase-ios-sdk" */;
			productName = FirebaseAnalyticsOnDeviceConversion;
		};
		2E9B924E2BA4C9BB00E2922D /* FirebaseAnalyticsSwift */ = {
			isa = XCSwiftPackageProductDependency;
			package = 2E9B92492BA4C9BB00E2922D /* XCRemoteSwiftPackageReference "firebase-ios-sdk" */;
			productName = FirebaseAnalyticsSwift;
		};
		2E9B92502BA4C9BB00E2922D /* FirebaseAnalyticsWithoutAdIdSupport */ = {
			isa = XCSwiftPackageProductDependency;
			package = 2E9B92492BA4C9BB00E2922D /* XCRemoteSwiftPackageReference "firebase-ios-sdk" */;
			productName = FirebaseAnalyticsWithoutAdIdSupport;
		};
		2E9B92522BA4C9BB00E2922D /* FirebaseAppCheck */ = {
			isa = XCSwiftPackageProductDependency;
			package = 2E9B92492BA4C9BB00E2922D /* XCRemoteSwiftPackageReference "firebase-ios-sdk" */;
			productName = FirebaseAppCheck;
		};
		2E9EDE2C2BA60C5200CEBD9A /* FirebaseAnalytics */ = {
			isa = XCSwiftPackageProductDependency;
			package = 2E9B92492BA4C9BB00E2922D /* XCRemoteSwiftPackageReference "firebase-ios-sdk" */;
			productName = FirebaseAnalytics;
		};
		2E9EDE2E2BA60C5200CEBD9A /* FirebaseAnalyticsOnDeviceConversion */ = {
			isa = XCSwiftPackageProductDependency;
			package = 2E9B92492BA4C9BB00E2922D /* XCRemoteSwiftPackageReference "firebase-ios-sdk" */;
			productName = FirebaseAnalyticsOnDeviceConversion;
		};
		2E9EDE302BA60C5200CEBD9A /* FirebaseAnalyticsSwift */ = {
			isa = XCSwiftPackageProductDependency;
			package = 2E9B92492BA4C9BB00E2922D /* XCRemoteSwiftPackageReference "firebase-ios-sdk" */;
			productName = FirebaseAnalyticsSwift;
		};
		2E9EDE322BA60C5200CEBD9A /* FirebaseAnalyticsWithoutAdIdSupport */ = {
			isa = XCSwiftPackageProductDependency;
			package = 2E9B92492BA4C9BB00E2922D /* XCRemoteSwiftPackageReference "firebase-ios-sdk" */;
			productName = FirebaseAnalyticsWithoutAdIdSupport;
		};
		2E9EDE342BA60C5200CEBD9A /* FirebaseAppCheck */ = {
			isa = XCSwiftPackageProductDependency;
			package = 2E9B92492BA4C9BB00E2922D /* XCRemoteSwiftPackageReference "firebase-ios-sdk" */;
			productName = FirebaseAppCheck;
		};
/* End XCSwiftPackageProductDependency section */
	};
	rootObject = 2E9B92302BA4C53B00E2922D /* Project object */;
}
